block_index:
    path:     /
    defaults: { _controller: "SMSAdminBundle:Block:index" }
    methods:  GET

block_show:
    path:     /{id}/show
    defaults: { _controller: "SMSAdminBundle:Block:show" }
    methods:  GET

block_new:
    path:     /new
    defaults: { _controller: "SMSAdminBundle:Block:new" }
    methods:  [GET, POST]

block_edit:
    path:     /{id}/edit
    defaults: { _controller: "SMSAdminBundle:Block:edit" }
    methods:  [GET, POST]

block_delete:
    path:     /{id}/delete
    defaults: { _controller: "SMSAdminBundle:Block:delete" }
    methods:  DELETE
